
Microsoft Visual Studio Solution File, Format Version 12.00
# Visual Studio Version 17
VisualStudioVersion = 17.8.34309.116
MinimumVisualStudioVersion = 10.0.40219.1
Project("{9A19103F-16F7-4668-BE54-9A1E7A4F7556}") = "HotelListing.Api", "HotelListing.Api\HotelListing.Api.csproj", "{1C597961-500D-4604-B205-7B07C6B92A7D}"
EndProject
Global
	GlobalSection(SolutionConfigurationPlatforms) = preSolution
		Debug|Any CPU = Debug|Any CPU
		Release|Any CPU = Release|Any CPU
	EndGlobalSection
	GlobalSection(ProjectConfigurationPlatforms) = postSolution
		{1C597961-500D-4604-B205-7B07C6B92A7D}.Debug|Any CPU.ActiveCfg = Debug|Any CPU
		{1C597961-500D-4604-B205-7B07C6B92A7D}.Debug|Any CPU.Build.0 = Debug|Any CPU
		{1C597961-500D-4604-B205-7B07C6B92A7D}.Release|Any CPU.ActiveCfg = Release|Any CPU
		{1C597961-500D-4604-B205-7B07C6B92A7D}.Release|Any CPU.Build.0 = Release|Any CPU
	EndGlobalSection
	GlobalSection(SolutionProperties) = preSolution
		HideSolutionNode = FALSE
	EndGlobalSection
	GlobalSection(ExtensibilityGlobals) = postSolution
		SolutionGuid = {77381A26-C4FE-4B16-8FFF-D42AE00D9675}
	EndGlobalSection
EndGlobal
